
Microsoft Visual Studio Solution File, Format Version 12.00
# Visual Studio 15
VisualStudioVersion = 15.0.28307.705
MinimumVisualStudioVersion = 10.0.40219.1
Project("{E24C65DC-7377-472B-9ABA-BC803B73C61A}") = "ProjectN(1)", "ProjectN\", "{860962E5-452B-4431-8BCD-DFB1D008A74F}"
	ProjectSection(WebsiteProperties) = preProject
		TargetFrameworkMoniker = ".NETFramework,Version%3Dv4.0"
		Debug.AspNetCompiler.VirtualPath = "/localhost_49272"
		Debug.AspNetCompiler.PhysicalPath = "D:\E Drive\Nevon Projects\PROJECT BACKUP\Sent Projects\Asp .Net\Price Negotiating with Chat Bot using Artificial Intelligence On E-Commerce Website\Project\ProjectN\"
		Debug.AspNetCompiler.TargetPath = "PrecompiledWeb\localhost_49272\"
		Debug.AspNetCompiler.Updateable = "true"
		Debug.AspNetCompiler.ForceOverwrite = "true"
		Debug.AspNetCompiler.FixedNames = "false"
		Debug.AspNetCompiler.Debug = "True"
		Release.AspNetCompiler.VirtualPath = "/localhost_49272"
		Release.AspNetCompiler.PhysicalPath = "D:\E Drive\Nevon Projects\PROJECT BACKUP\Sent Projects\Asp .Net\Price Negotiating with Chat Bot using Artificial Intelligence On E-Commerce Website\Project\ProjectN\"
		Release.AspNetCompiler.TargetPath = "PrecompiledWeb\localhost_49272\"
		Release.AspNetCompiler.Updateable = "true"
		Release.AspNetCompiler.ForceOverwrite = "true"
		Release.AspNetCompiler.FixedNames = "false"
		Release.AspNetCompiler.Debug = "False"
		VWDPort = "49272"
	EndProjectSection
EndProject
Global
	GlobalSection(SolutionConfigurationPlatforms) = preSolution
		Debug|Any CPU = Debug|Any CPU
	EndGlobalSection
	GlobalSection(ProjectConfigurationPlatforms) = postSolution
		{860962E5-452B-4431-8BCD-DFB1D008A74F}.Debug|Any CPU.ActiveCfg = Debug|Any CPU
		{860962E5-452B-4431-8BCD-DFB1D008A74F}.Debug|Any CPU.Build.0 = Debug|Any CPU
	EndGlobalSection
	GlobalSection(SolutionProperties) = preSolution
		HideSolutionNode = FALSE
	EndGlobalSection
	GlobalSection(ExtensibilityGlobals) = postSolution
		SolutionGuid = {298FF330-531A-4C08-94E2-1BACF739236F}
	EndGlobalSection
EndGlobal
